[[dependencies]]
name = "@oasisprotocol-sapphire-foundry"
version = "0.1.1"
url = "https://soldeer-revisions.s3.amazonaws.com/@oasisprotocol-sapphire-foundry/0_1_1_15-04-2025_13:12:01_oasisprotocol-sapphire-foundry.zip"
checksum = "278be33944a0ec0962daa48fac642ff71cd9a0d84aa7eedceac793fd2d0d6c36"
integrity = "4d9b44395b800ec9bce56ea3124aca9700c23f46fa89a13d106e486e277d9780"

[[dependencies]]
name = "@openzeppelin-contracts"
version = "5.0.2"
url = "https://soldeer-revisions.s3.amazonaws.com/@openzeppelin-contracts/5_0_2_14-03-2024_06:11:59_contracts.zip"
checksum = "8bc4f0acc7c187771b878d46f7de4bfad1acad2eb5d096d9d05d34035853f5c3"
integrity = "55881f6114aa36158566ef52b486d9d96b217c3e47d0e24bbd4994a8cfb5ee7c"
